
Microsoft Visual Studio Solution File, Format Version 12.00
# Visual Studio 14
VisualStudioVersion = 14.0.23107.0
MinimumVisualStudioVersion = 10.0.40219.1
Project("{FAE04EC0-301F-11D3-BF4B-00C04F79EFBC}") = "implicitlyTypedLocalVars", "implicitlyTypedLocalVars\implicitlyTypedLocalVars.csproj", "{CBBD4A6B-C20D-4CB7-B05E-D8BA23A40157}"
EndProject
Global
	GlobalSection(SolutionConfigurationPlatforms) = preSolution
		Debug|Any CPU = Debug|Any CPU
		Release|Any CPU = Release|Any CPU
	EndGlobalSection
	GlobalSection(ProjectConfigurationPlatforms) = postSolution
		{CBBD4A6B-C20D-4CB7-B05E-D8BA23A40157}.Debug|Any CPU.ActiveCfg = Debug|Any CPU
		{CBBD4A6B-C20D-4CB7-B05E-D8BA23A40157}.Debug|Any CPU.Build.0 = Debug|Any CPU
		{CBBD4A6B-C20D-4CB7-B05E-D8BA23A40157}.Release|Any CPU.ActiveCfg = Release|Any CPU
		{CBBD4A6B-C20D-4CB7-B05E-D8BA23A40157}.Release|Any CPU.Build.0 = Release|Any CPU
	EndGlobalSection
	GlobalSection(SolutionProperties) = preSolution
		HideSolutionNode = FALSE
	EndGlobalSection
EndGlobal
